
Microsoft Visual Studio Solution File, Format Version 12.00
# Visual Studio Version 17
VisualStudioVersion = 17.3.32804.467
MinimumVisualStudioVersion = 10.0.40219.1
Project("{FAE04EC0-301F-11D3-BF4B-00C04F79EFBC}") = "LeetCodeProblemSolving", "LeetCodeProblemSolving\LeetCodeProblemSolving.csproj", "{6467BE34-25D6-4F7E-9F55-CC379E0FCF12}"
EndProject
Project("{FAE04EC0-301F-11D3-BF4B-00C04F79EFBC}") = "LeetCodeContest", "LeetCodeContest\LeetCodeContest.csproj", "{1DDE5155-8B33-49D1-8DC1-CED46497D69C}"
EndProject
Global
	GlobalSection(SolutionConfigurationPlatforms) = preSolution
		Debug|Any CPU = Debug|Any CPU
		Release|Any CPU = Release|Any CPU
	EndGlobalSection
	GlobalSection(ProjectConfigurationPlatforms) = postSolution
		{6467BE34-25D6-4F7E-9F55-CC379E0FCF12}.Debug|Any CPU.ActiveCfg = Debug|Any CPU
		{6467BE34-25D6-4F7E-9F55-CC379E0FCF12}.Debug|Any CPU.Build.0 = Debug|Any CPU
		{6467BE34-25D6-4F7E-9F55-CC379E0FCF12}.Release|Any CPU.ActiveCfg = Release|Any CPU
		{6467BE34-25D6-4F7E-9F55-CC379E0FCF12}.Release|Any CPU.Build.0 = Release|Any CPU
		{1DDE5155-8B33-49D1-8DC1-CED46497D69C}.Debug|Any CPU.ActiveCfg = Debug|Any CPU
		{1DDE5155-8B33-49D1-8DC1-CED46497D69C}.Debug|Any CPU.Build.0 = Debug|Any CPU
		{1DDE5155-8B33-49D1-8DC1-CED46497D69C}.Release|Any CPU.ActiveCfg = Release|Any CPU
		{1DDE5155-8B33-49D1-8DC1-CED46497D69C}.Release|Any CPU.Build.0 = Release|Any CPU
	EndGlobalSection
	GlobalSection(SolutionProperties) = preSolution
		HideSolutionNode = FALSE
	EndGlobalSection
	GlobalSection(ExtensibilityGlobals) = postSolution
		SolutionGuid = {ED7C3CF3-BAC4-46F6-A518-BC5F9053FC4B}
	EndGlobalSection
EndGlobal
